// !$*UTF8*$!
{
	archiveVersion = 1;
	classes = {
	};
	objectVersion = 48;
	objects = {

/* Begin PBXBuildFile section */
		847DC8552017338C00D27CE7 /* AppDelegate.swift in Sources */ = {isa = PBXBuildFile; fileRef = 847DC8542017338C00D27CE7 /* AppDelegate.swift */; };
		847DC8572017338C00D27CE7 /* GameScene.sks in Resources */ = {isa = PBXBuildFile; fileRef = 847DC8562017338C00D27CE7 /* GameScene.sks */; };
		847DC8592017338C00D27CE7 /* Actions.sks in Resources */ = {isa = PBXBuildFile; fileRef = 847DC8582017338C00D27CE7 /* Actions.sks */; };
		847DC85B2017338C00D27CE7 /* GameScene.swift in Sources */ = {isa = PBXBuildFile; fileRef = 847DC85A2017338C00D27CE7 /* GameScene.swift */; };
		847DC85D2017338C00D27CE7 /* GameViewController.swift in Sources */ = {isa = PBXBuildFile; fileRef = 847DC85C2017338C00D27CE7 /* GameViewController.swift */; };
		847DC8602017338C00D27CE7 /* Main.storyboard in Resources */ = {isa = PBXBuildFile; fileRef = 847DC85E2017338C00D27CE7 /* Main.storyboard */; };
		847DC8622017338C00D27CE7 /* Assets.xcassets in Resources */ = {isa = PBXBuildFile; fileRef = 847DC8612017338C00D27CE7 /* Assets.xcassets */; };
		847DC8652017338C00D27CE7 /* LaunchScreen.storyboard in Resources */ = {isa = PBXBuildFile; fileRef = 847DC8632017338C00D27CE7 /* LaunchScreen.storyboard */; };
		847DC8722017349600D27CE7 /* blackSquare.png in Resources */ = {isa = PBXBuildFile; fileRef = 847DC86C2017349500D27CE7 /* blackSquare.png */; };
		847DC8732017349600D27CE7 /* fastLaserSound.mp3 in Resources */ = {isa = PBXBuildFile; fileRef = 847DC86D2017349500D27CE7 /* fastLaserSound.mp3 */; };
		847DC8742017349600D27CE7 /* whiteSquare.png in Resources */ = {isa = PBXBuildFile; fileRef = 847DC86E2017349500D27CE7 /* whiteSquare.png */; };
		847DC8752017349600D27CE7 /* blackLaserSound.wav in Resources */ = {isa = PBXBuildFile; fileRef = 847DC86F2017349600D27CE7 /* blackLaserSound.wav */; };
		847DC8762017349600D27CE7 /* IAP_sample_screenshot.jpg in Resources */ = {isa = PBXBuildFile; fileRef = 847DC8702017349600D27CE7 /* IAP_sample_screenshot.jpg */; };
		847DC8772017349600D27CE7 /* spaceship1.png in Resources */ = {isa = PBXBuildFile; fileRef = 847DC8712017349600D27CE7 /* spaceship1.png */; };
/* End PBXBuildFile section */

/* Begin PBXFileReference section */
		847DC8512017338C00D27CE7 /* joeyNewfield.app */ = {isa = PBXFileReference; explicitFileType = wrapper.application; includeInIndex = 0; path = joeyNewfield.app; sourceTree = BUILT_PRODUCTS_DIR; };
		847DC8542017338C00D27CE7 /* AppDelegate.swift */ = {isa = PBXFileReference; lastKnownFileType = sourcecode.swift; path = AppDelegate.swift; sourceTree = "<group>"; };
		847DC8562017338C00D27CE7 /* GameScene.sks */ = {isa = PBXFileReference; lastKnownFileType = file.sks; path = GameScene.sks; sourceTree = "<group>"; };
		847DC8582017338C00D27CE7 /* Actions.sks */ = {isa = PBXFileReference; lastKnownFileType = file.sks; path = Actions.sks; sourceTree = "<group>"; };
		847DC85A2017338C00D27CE7 /* GameScene.swift */ = {isa = PBXFileReference; lastKnownFileType = sourcecode.swift; path = GameScene.swift; sourceTree = "<group>"; };
		847DC85C2017338C00D27CE7 /* GameViewController.swift */ = {isa = PBXFileReference; lastKnownFileType = sourcecode.swift; path = GameViewController.swift; sourceTree = "<group>"; };
		847DC85F2017338C00D27CE7 /* Base */ = {isa = PBXFileReference; lastKnownFileType = file.storyboard; name = Base; path = Base.lproj/Main.storyboard; sourceTree = "<group>"; };
		847DC8612017338C00D27CE7 /* Assets.xcassets */ = {isa = PBXFileReference; lastKnownFileType = folder.assetcatalog; path = Assets.xcassets; sourceTree = "<group>"; };
		847DC8642017338C00D27CE7 /* Base */ = {isa = PBXFileReference; lastKnownFileType = file.storyboard; name = Base; path = Base.lproj/LaunchScreen.storyboard; sourceTree = "<group>"; };
		847DC8662017338C00D27CE7 /* Info.plist */ = {isa = PBXFileReference; lastKnownFileType = text.plist.xml; path = Info.plist; sourceTree = "<group>"; };
		847DC86C2017349500D27CE7 /* blackSquare.png */ = {isa = PBXFileReference; lastKnownFileType = image.png; path = blackSquare.png; sourceTree = "<group>"; };
		847DC86D2017349500D27CE7 /* fastLaserSound.mp3 */ = {isa = PBXFileReference; lastKnownFileType = audio.mp3; path = fastLaserSound.mp3; sourceTree = "<group>"; };
		847DC86E2017349500D27CE7 /* whiteSquare.png */ = {isa = PBXFileReference; lastKnownFileType = image.png; path = whiteSquare.png; sourceTree = "<group>"; };
		847DC86F2017349600D27CE7 /* blackLaserSound.wav */ = {isa = PBXFileReference; lastKnownFileType = audio.wav; path = blackLaserSound.wav; sourceTree = "<group>"; };
		847DC8702017349600D27CE7 /* IAP_sample_screenshot.jpg */ = {isa = PBXFileReference; lastKnownFileType = image.jpeg; path = IAP_sample_screenshot.jpg; sourceTree = "<group>"; };
		847DC8712017349600D27CE7 /* spaceship1.png */ = {isa = PBXFileReference; lastKnownFileType = image.png; path = spaceship1.png; sourceTree = "<group>"; };
/* End PBXFileReference section */

/* Begin PBXFrameworksBuildPhase section */
		847DC84E2017338C00D27CE7 /* Frameworks */ = {
			isa = PBXFrameworksBuildPhase;
			buildActionMask = 2147483647;
			files = (
			);
			runOnlyForDeploymentPostprocessing = 0;
		};
/* End PBXFrameworksBuildPhase section */

/* Begin PBXGroup section */
		847DC8482017338C00D27CE7 = {
			isa = PBXGroup;
			children = (
				847DC8532017338C00D27CE7 /* joeyNewfield */,
				847DC8522017338C00D27CE7 /* Products */,
			);
			sourceTree = "<group>";
		};
		847DC8522017338C00D27CE7 /* Products */ = {
			isa = PBXGroup;
			children = (
				847DC8512017338C00D27CE7 /* joeyNewfield.app */,
			);
			name = Products;
			sourceTree = "<group>";
		};
		847DC8532017338C00D27CE7 /* joeyNewfield */ = {
			isa = PBXGroup;
			children = (
				847DC86F2017349600D27CE7 /* blackLaserSound.wav */,
				847DC86C2017349500D27CE7 /* blackSquare.png */,
				847DC86D2017349500D27CE7 /* fastLaserSound.mp3 */,
				847DC8702017349600D27CE7 /* IAP_sample_screenshot.jpg */,
				847DC8712017349600D27CE7 /* spaceship1.png */,
				847DC86E2017349500D27CE7 /* whiteSquare.png */,
				847DC8542017338C00D27CE7 /* AppDelegate.swift */,
				847DC8562017338C00D27CE7 /* GameScene.sks */,
				847DC8582017338C00D27CE7 /* Actions.sks */,
				847DC85A2017338C00D27CE7 /* GameScene.swift */,
				847DC85C2017338C00D27CE7 /* GameViewController.swift */,
				847DC85E2017338C00D27CE7 /* Main.storyboard */,
				847DC8612017338C00D27CE7 /* Assets.xcassets */,
				847DC8632017338C00D27CE7 /* LaunchScreen.storyboard */,
				847DC8662017338C00D27CE7 /* Info.plist */,
			);
			path = joeyNewfield;
			sourceTree = "<group>";
		};
/* End PBXGroup section */

/* Begin PBXNativeTarget section */
		847DC8502017338C00D27CE7 /* joeyNewfield */ = {
			isa = PBXNativeTarget;
			buildConfigurationList = 847DC8692017338C00D27CE7 /* Build configuration list for PBXNativeTarget "joeyNewfield" */;
			buildPhases = (
				847DC84D2017338C00D27CE7 /* Sources */,
				847DC84E2017338C00D27CE7 /* Frameworks */,
				847DC84F2017338C00D27CE7 /* Resources */,
			);
			buildRules = (
			);
			dependencies = (
			);
			name = joeyNewfield;
			productName = joeyNewfield;
			productReference = 847DC8512017338C00D27CE7 /* joeyNewfield.app */;
			productType = "com.apple.product-type.application";
		};
/* End PBXNativeTarget section */

/* Begin PBXProject section */
		847DC8492017338C00D27CE7 /* Project object */ = {
			isa = PBXProject;
			attributes = {
				LastSwiftUpdateCheck = 0920;
				LastUpgradeCheck = 0920;
				ORGANIZATIONNAME = "Joey Newfield";
				TargetAttributes = {
					847DC8502017338C00D27CE7 = {
						CreatedOnToolsVersion = 9.2;
						ProvisioningStyle = Automatic;
					};
				};
			};
			buildConfigurationList = 847DC84C2017338C00D27CE7 /* Build configuration list for PBXProject "joeyNewfield" */;
			compatibilityVersion = "Xcode 8.0";
			developmentRegion = en;
			hasScannedForEncodings = 0;
			knownRegions = (
				en,
				Base,
			);
			mainGroup = 847DC8482017338C00D27CE7;
			productRefGroup = 847DC8522017338C00D27CE7 /* Products */;
			projectDirPath = "";
			projectRoot = "";
			targets = (
				847DC8502017338C00D27CE7 /* joeyNewfield */,
			);
		};
/* End PBXProject section */

/* Begin PBXResourcesBuildPhase section */
		847DC84F2017338C00D27CE7 /* Resources */ = {
			isa = PBXResourcesBuildPhase;
			buildActionMask = 2147483647;
			files = (
				847DC8732017349600D27CE7 /* fastLaserSound.mp3 in Resources */,
				847DC8602017338C00D27CE7 /* Main.storyboard in Resources */,
				847DC8572017338C00D27CE7 /* GameScene.sks in Resources */,
				847DC8622017338C00D27CE7 /* Assets.xcassets in Resources */,
				847DC8742017349600D27CE7 /* whiteSquare.png in Resources */,
				847DC8772017349600D27CE7 /* spaceship1.png in Resources */,
				847DC8652017338C00D27CE7 /* LaunchScreen.storyboard in Resources */,
				847DC8752017349600D27CE7 /* blackLaserSound.wav in Resources */,
				847DC8722017349600D27CE7 /* blackSquare.png in Resources */,
				847DC8762017349600D27CE7 /* IAP_sample_screenshot.jpg in Resources */,
				847DC8592017338C00D27CE7 /* Actions.sks in Resources */,
			);
			runOnlyForDeploymentPostprocessing = 0;
		};
/* End PBXResourcesBuildPhase section */

/* Begin PBXSourcesBuildPhase section */
		847DC84D2017338C00D27CE7 /* Sources */ = {
			isa = PBXSourcesBuildPhase;
			buildActionMask = 2147483647;
			files = (
				847DC85B2017338C00D27CE7 /* GameScene.swift in Sources */,
				847DC85D2017338C00D27CE7 /* GameViewController.swift in Sources */,
				847DC8552017338C00D27CE7 /* AppDelegate.swift in Sources */,
			);
			runOnlyForDeploymentPostprocessing = 0;
		};
/* End PBXSourcesBuildPhase section */

/* Begin PBXVariantGroup section */
		847DC85E2017338C00D27CE7 /* Main.storyboard */ = {
			isa = PBXVariantGroup;
			children = (
				847DC85F2017338C00D27CE7 /* Base */,
			);
			name = Main.storyboard;
			sourceTree = "<group>";
		};
		847DC8632017338C00D27CE7 /* LaunchScreen.storyboard */ = {
			isa = PBXVariantGroup;
			children = (
				847DC8642017338C00D27CE7 /* Base */,
			);
			name = LaunchScreen.storyboard;
			sourceTree = "<group>";
		};
/* End PBXVariantGroup section */

/* Begin XCBuildConfiguration section */
		847DC8672017338C00D27CE7 /* Debug */ = {
			isa = XCBuildConfiguration;
			buildSettings = {
				ALWAYS_SEARCH_USER_PATHS = NO;
				CLANG_ANALYZER_NONNULL = YES;
				CLANG_ANALYZER_NUMBER_OBJECT_CONVERSION = YES_AGGRESSIVE;
				CLANG_CXX_LANGUAGE_STANDARD = "gnu++14";
				CLANG_CXX_LIBRARY = "libc++";
				CLANG_ENABLE_MODULES = YES;
				CLANG_ENABLE_OBJC_ARC = YES;
				CLANG_WARN_BLOCK_CAPTURE_AUTORELEASING = YES;
				CLANG_WARN_BOOL_CONVERSION = YES;
				CLANG_WARN_COMMA = YES;
				CLANG_WARN_CONSTANT_CONVERSION = YES;
				CLANG_WARN_DIRECT_OBJC_ISA_USAGE = YES_ERROR;
				CLANG_WARN_DOCUMENTATION_COMMENTS = YES;
				CLANG_WARN_EMPTY_BODY = YES;
				CLANG_WARN_ENUM_CONVERSION = YES;
				CLANG_WARN_INFINITE_RECURSION = YES;
				CLANG_WARN_INT_CONVERSION = YES;
				CLANG_WARN_NON_LITERAL_NULL_CONVERSION = YES;
				CLANG_WARN_OBJC_LITERAL_CONVERSION = YES;
				CLANG_WARN_OBJC_ROOT_CLASS = YES_ERROR;
				CLANG_WARN_RANGE_LOOP_ANALYSIS = YES;
				CLANG_WARN_STRICT_PROTOTYPES = YES;
				CLANG_WARN_SUSPICIOUS_MOVE = YES;
				CLANG_WARN_UNGUARDED_AVAILABILITY = YES_AGGRESSIVE;
				CLANG_WARN_UNREACHABLE_CODE = YES;
				CLANG_WARN__DUPLICATE_METHOD_MATCH = YES;
				CODE_SIGN_IDENTITY = "iPhone Developer";
				COPY_PHASE_STRIP = NO;
				DEBUG_INFORMATION_FORMAT = dwarf;
				ENABLE_STRICT_OBJC_MSGSEND = YES;
				ENABLE_TESTABILITY = YES;
				GCC_C_LANGUAGE_STANDARD = gnu11;
				GCC_DYNAMIC_NO_PIC = NO;
				GCC_NO_COMMON_BLOCKS = YES;
				GCC_OPTIMIZATION_LEVEL = 0;
				GCC_PREPROCESSOR_DEFINITIONS = (
					"DEBUG=1",
					"$(inherited)",
				);
				GCC_WARN_64_TO_32_BIT_CONVERSION = YES;
				GCC_WARN_ABOUT_RETURN_TYPE = YES_ERROR;
				GCC_WARN_UNDECLARED_SELECTOR = YES;
				GCC_WARN_UNINITIALIZED_AUTOS = YES_AGGRESSIVE;
				GCC_WARN_UNUSED_FUNCTION = YES;
				GCC_WARN_UNUSED_VARIABLE = YES;
				IPHONEOS_DEPLOYMENT_TARGET = 11.2;
				MTL_ENABLE_DEBUG_INFO = YES;
				ONLY_ACTIVE_ARCH = YES;
				SDKROOT = iphoneos;
				SWIFT_ACTIVE_COMPILATION_CONDITIONS = DEBUG;
				SWIFT_OPTIMIZATION_LEVEL = "-Onone";
			};
			name = Debug;
		};
		847DC8682017338C00D27CE7 /* Release */ = {
			isa = XCBuildConfiguration;
			buildSettings = {
				ALWAYS_SEARCH_USER_PATHS = NO;
				CLANG_ANALYZER_NONNULL = YES;
				CLANG_ANALYZER_NUMBER_OBJECT_CONVERSION = YES_AGGRESSIVE;
				CLANG_CXX_LANGUAGE_STANDARD = "gnu++14";
				CLANG_CXX_LIBRARY = "libc++";
				CLANG_ENABLE_MODULES = YES;
				CLANG_ENABLE_OBJC_ARC = YES;
				CLANG_WARN_BLOCK_CAPTURE_AUTORELEASING = YES;
				CLANG_WARN_BOOL_CONVERSION = YES;
				CLANG_WARN_COMMA = YES;
				CLANG_WARN_CONSTANT_CONVERSION = YES;
				CLANG_WARN_DIRECT_OBJC_ISA_USAGE = YES_ERROR;
				CLANG_WARN_DOCUMENTATION_COMMENTS = YES;
				CLANG_WARN_EMPTY_BODY = YES;
				CLANG_WARN_ENUM_CONVERSION = YES;
				CLANG_WARN_INFINITE_RECURSION = YES;
				CLANG_WARN_INT_CONVERSION = YES;
				CLANG_WARN_NON_LITERAL_NULL_CONVERSION = YES;
				CLANG_WARN_OBJC_LITERAL_CONVERSION = YES;
				CLANG_WARN_OBJC_ROOT_CLASS = YES_ERROR;
				CLANG_WARN_RANGE_LOOP_ANALYSIS = YES;
				CLANG_WARN_STRICT_PROTOTYPES = YES;
				CLANG_WARN_SUSPICIOUS_MOVE = YES;
				CLANG_WARN_UNGUARDED_AVAILABILITY = YES_AGGRESSIVE;
				CLANG_WARN_UNREACHABLE_CODE = YES;
				CLANG_WARN__DUPLICATE_METHOD_MATCH = YES;
				CODE_SIGN_IDENTITY = "iPhone Developer";
				COPY_PHASE_STRIP = NO;
				DEBUG_INFORMATION_FORMAT = "dwarf-with-dsym";
				ENABLE_NS_ASSERTIONS = NO;
				ENABLE_STRICT_OBJC_MSGSEND = YES;
				GCC_C_LANGUAGE_STANDARD = gnu11;
				GCC_NO_COMMON_BLOCKS = YES;
				GCC_WARN_64_TO_32_BIT_CONVERSION = YES;
				GCC_WARN_ABOUT_RETURN_TYPE = YES_ERROR;
				GCC_WARN_UNDECLARED_SELECTOR = YES;
				GCC_WARN_UNINITIALIZED_AUTOS = YES_AGGRESSIVE;
				GCC_WARN_UNUSED_FUNCTION = YES;
				GCC_WARN_UNUSED_VARIABLE = YES;
				IPHONEOS_DEPLOYMENT_TARGET = 11.2;
				MTL_ENABLE_DEBUG_INFO = NO;
				SDKROOT = iphoneos;
				SWIFT_OPTIMIZATION_LEVEL = "-Owholemodule";
				VALIDATE_PRODUCT = YES;
			};
			name = Release;
		};
		847DC86A2017338C00D27CE7 /* Debug */ = {
			isa = XCBuildConfiguration;
			buildSettings = {
				ASSETCATALOG_COMPILER_APPICON_NAME = AppIcon;
				CODE_SIGN_STYLE = Automatic;
				DEVELOPMENT_TEAM = 36T55BRD8Q;
				INFOPLIST_FILE = joeyNewfield/Info.plist;
				LD_RUNPATH_SEARCH_PATHS = "$(inherited) @executable_path/Frameworks";
				PRODUCT_BUNDLE_IDENTIFIER = com.joeyNewfield.joeyNewfield;
				PRODUCT_NAME = "$(TARGET_NAME)";
				SWIFT_VERSION = 4.0;
				TARGETED_DEVICE_FAMILY = "1,2";
			};
			name = Debug;
		};
		847DC86B2017338C00D27CE7 /* Release */ = {
			isa = XCBuildConfiguration;
			buildSettings = {
				ASSETCATALOG_COMPILER_APPICON_NAME = AppIcon;
				CODE_SIGN_STYLE = Automatic;
				DEVELOPMENT_TEAM = 36T55BRD8Q;
				INFOPLIST_FILE = joeyNewfield/Info.plist;
				LD_RUNPATH_SEARCH_PATHS = "$(inherited) @executable_path/Frameworks";
				PRODUCT_BUNDLE_IDENTIFIER = com.joeyNewfield.joeyNewfield;
				PRODUCT_NAME = "$(TARGET_NAME)";
				SWIFT_VERSION = 4.0;
				TARGETED_DEVICE_FAMILY = "1,2";
			};
			name = Release;
		};
/* End XCBuildConfiguration section */

/* Begin XCConfigurationList section */
		847DC84C2017338C00D27CE7 /* Build configuration list for PBXProject "joeyNewfield" */ = {
			isa = XCConfigurationList;
			buildConfigurations = (
				847DC8672017338C00D27CE7 /* Debug */,
				847DC8682017338C00D27CE7 /* Release */,
			);
			defaultConfigurationIsVisible = 0;
			defaultConfigurationName = Release;
		};
		847DC8692017338C00D27CE7 /* Build configuration list for PBXNativeTarget "joeyNewfield" */ = {
			isa = XCConfigurationList;
			buildConfigurations = (
				847DC86A2017338C00D27CE7 /* Debug */,
				847DC86B2017338C00D27CE7 /* Release */,
			);
			defaultConfigurationIsVisible = 0;
			defaultConfigurationName = Release;
		};
/* End XCConfigurationList section */
	};
	rootObject = 847DC8492017338C00D27CE7 /* Project object */;
}
